<?xml version="1.0" encoding="utf-8"?>
<Project ToolsVersion="4.0" xmlns="http://schemas.microsoft.com/developer/msbuild/2003">
  <ItemGroup>
    <ClCompile Include="$(SolutionDir)src\Component.cpp">
      <Filter>Исходные файлы</Filter>
    </ClCompile>
    <ClCompile Include="$(SolutionDir)src\dllmain.cpp">
      <Filter>Исходные файлы</Filter>
    </ClCompile>
    <ClCompile Include="$(SolutionDir)src\exports.cpp">
      <Filter>Исходные файлы</Filter>
    </ClCompile>
    <ClCompile Include="$(SolutionDir)src\SampleAddIn.cpp">
      <Filter>Исходные файлы</Filter>
    </ClCompile>
  </ItemGroup>
  <ItemGroup>
    <ClInclude Include="$(SolutionDir)src\Component.h">
      <Filter>Файлы заголовков</Filter>
    </ClInclude>
    <ClInclude Include="$(SolutionDir)src\SampleAddIn.h">
      <Filter>Файлы заголовков</Filter>
    </ClInclude>
    <ClInclude Include="$(SolutionDir)src\stdafx.h">
      <Filter>Файлы заголовков</Filter>
    </ClInclude>
  </ItemGroup>
  <ItemGroup>
    <Filter Include="Исходные файлы">
      <UniqueIdentifier>{20d5c229-a908-4448-8fb0-19adfca16c05}</UniqueIdentifier>
    </Filter>
    <Filter Include="Файлы заголовков">
      <UniqueIdentifier>{a875dcea-334b-4661-a030-9ab2b6bb4924}</UniqueIdentifier>
    </Filter>
    <Filter Include="Файлы ресурсов">
      <UniqueIdentifier>{41a0b6c0-ed68-438f-912e-06e9aa29affb}</UniqueIdentifier>
    </Filter>
  </ItemGroup>
  <ItemGroup>
    <None Include="$(SolutionDir)src\addin.def">
      <Filter>Файлы ресурсов</Filter>
    </None>
    <None Include="README.md">
      <Filter>Файлы ресурсов</Filter>
    </None>
  </ItemGroup>
</Project>